
Microsoft Visual Studio Solution File, Format Version 12.00
# Visual Studio Version 16
VisualStudioVersion = 16.0.30128.74
MinimumVisualStudioVersion = 15.0.26124.0
Project("{9A19103F-16F7-4668-BE54-9A1E7A4F7556}") = "Services", "Services\Services.csproj", "{2E7F67FA-4567-4823-A22B-B83783E69F9D}"
EndProject
Project("{9A19103F-16F7-4668-BE54-9A1E7A4F7556}") = "ServicesTests", "ServicesTests\ServicesTests.csproj", "{C7FF0388-9C1D-4E15-BF44-6D2BEA2044F3}"
EndProject
Project("{9A19103F-16F7-4668-BE54-9A1E7A4F7556}") = "Storage", "Storage\Storage.csproj", "{D941423D-8CBC-4F3E-A48B-7CCF2F8F22E5}"
EndProject
Project("{9A19103F-16F7-4668-BE54-9A1E7A4F7556}") = "Utils", "Utils\Utils.csproj", "{039D41D0-4329-44B4-A54B-456F9EBE8FF9}"
EndProject
Project("{9A19103F-16F7-4668-BE54-9A1E7A4F7556}") = "Domain", "Domain\Domain.csproj", "{6AD0229F-2A4A-4BF2-9462-9CFAF91C18BE}"
EndProject
Project("{2150E333-8FDC-42A3-9474-1A3956D46DE8}") = "Infrastructure", "Infrastructure", "{FDCA2E4F-48B2-42DE-9D9B-0BD5EFA81D8B}"
EndProject
Project("{9A19103F-16F7-4668-BE54-9A1E7A4F7556}") = "Entities", "Entities\Entities.csproj", "{E7CD8F30-84C7-40BF-950C-CBA3BCF45BD7}"
EndProject
Project("{9A19103F-16F7-4668-BE54-9A1E7A4F7556}") = "StorageTests", "StorageTests\StorageTests.csproj", "{F6549A36-3FF2-4D86-983B-5A468BB78A2C}"
EndProject
Project("{FAE04EC0-301F-11D3-BF4B-00C04F79EFBC}") = "Web", "Web\Web.csproj", "{84F1617C-94D0-441E-8ADE-E7AE90947FE3}"
EndProject
Global
	GlobalSection(SolutionConfigurationPlatforms) = preSolution
		Debug|Any CPU = Debug|Any CPU
		Debug|x64 = Debug|x64
		Debug|x86 = Debug|x86
		Release|Any CPU = Release|Any CPU
		Release|x64 = Release|x64
		Release|x86 = Release|x86
	EndGlobalSection
	GlobalSection(ProjectConfigurationPlatforms) = postSolution
		{2E7F67FA-4567-4823-A22B-B83783E69F9D}.Debug|Any CPU.ActiveCfg = Debug|Any CPU
		{2E7F67FA-4567-4823-A22B-B83783E69F9D}.Debug|Any CPU.Build.0 = Debug|Any CPU
		{2E7F67FA-4567-4823-A22B-B83783E69F9D}.Debug|x64.ActiveCfg = Debug|Any CPU
		{2E7F67FA-4567-4823-A22B-B83783E69F9D}.Debug|x64.Build.0 = Debug|Any CPU
		{2E7F67FA-4567-4823-A22B-B83783E69F9D}.Debug|x86.ActiveCfg = Debug|Any CPU
		{2E7F67FA-4567-4823-A22B-B83783E69F9D}.Debug|x86.Build.0 = Debug|Any CPU
		{2E7F67FA-4567-4823-A22B-B83783E69F9D}.Release|Any CPU.ActiveCfg = Release|Any CPU
		{2E7F67FA-4567-4823-A22B-B83783E69F9D}.Release|Any CPU.Build.0 = Release|Any CPU
		{2E7F67FA-4567-4823-A22B-B83783E69F9D}.Release|x64.ActiveCfg = Release|Any CPU
		{2E7F67FA-4567-4823-A22B-B83783E69F9D}.Release|x64.Build.0 = Release|Any CPU
		{2E7F67FA-4567-4823-A22B-B83783E69F9D}.Release|x86.ActiveCfg = Release|Any CPU
		{2E7F67FA-4567-4823-A22B-B83783E69F9D}.Release|x86.Build.0 = Release|Any CPU
		{C7FF0388-9C1D-4E15-BF44-6D2BEA2044F3}.Debug|Any CPU.ActiveCfg = Debug|Any CPU
		{C7FF0388-9C1D-4E15-BF44-6D2BEA2044F3}.Debug|Any CPU.Build.0 = Debug|Any CPU
		{C7FF0388-9C1D-4E15-BF44-6D2BEA2044F3}.Debug|x64.ActiveCfg = Debug|Any CPU
		{C7FF0388-9C1D-4E15-BF44-6D2BEA2044F3}.Debug|x64.Build.0 = Debug|Any CPU
		{C7FF0388-9C1D-4E15-BF44-6D2BEA2044F3}.Debug|x86.ActiveCfg = Debug|Any CPU
		{C7FF0388-9C1D-4E15-BF44-6D2BEA2044F3}.Debug|x86.Build.0 = Debug|Any CPU
		{C7FF0388-9C1D-4E15-BF44-6D2BEA2044F3}.Release|Any CPU.ActiveCfg = Release|Any CPU
		{C7FF0388-9C1D-4E15-BF44-6D2BEA2044F3}.Release|Any CPU.Build.0 = Release|Any CPU
		{C7FF0388-9C1D-4E15-BF44-6D2BEA2044F3}.Release|x64.ActiveCfg = Release|Any CPU
		{C7FF0388-9C1D-4E15-BF44-6D2BEA2044F3}.Release|x64.Build.0 = Release|Any CPU
		{C7FF0388-9C1D-4E15-BF44-6D2BEA2044F3}.Release|x86.ActiveCfg = Release|Any CPU
		{C7FF0388-9C1D-4E15-BF44-6D2BEA2044F3}.Release|x86.Build.0 = Release|Any CPU
		{D941423D-8CBC-4F3E-A48B-7CCF2F8F22E5}.Debug|Any CPU.ActiveCfg = Debug|Any CPU
		{D941423D-8CBC-4F3E-A48B-7CCF2F8F22E5}.Debug|Any CPU.Build.0 = Debug|Any CPU
		{D941423D-8CBC-4F3E-A48B-7CCF2F8F22E5}.Debug|x64.ActiveCfg = Debug|Any CPU
		{D941423D-8CBC-4F3E-A48B-7CCF2F8F22E5}.Debug|x64.Build.0 = Debug|Any CPU
		{D941423D-8CBC-4F3E-A48B-7CCF2F8F22E5}.Debug|x86.ActiveCfg = Debug|Any CPU
		{D941423D-8CBC-4F3E-A48B-7CCF2F8F22E5}.Debug|x86.Build.0 = Debug|Any CPU
		{D941423D-8CBC-4F3E-A48B-7CCF2F8F22E5}.Release|Any CPU.ActiveCfg = Release|Any CPU
		{D941423D-8CBC-4F3E-A48B-7CCF2F8F22E5}.Release|Any CPU.Build.0 = Release|Any CPU
		{D941423D-8CBC-4F3E-A48B-7CCF2F8F22E5}.Release|x64.ActiveCfg = Release|Any CPU
		{D941423D-8CBC-4F3E-A48B-7CCF2F8F22E5}.Release|x64.Build.0 = Release|Any CPU
		{D941423D-8CBC-4F3E-A48B-7CCF2F8F22E5}.Release|x86.ActiveCfg = Release|Any CPU
		{D941423D-8CBC-4F3E-A48B-7CCF2F8F22E5}.Release|x86.Build.0 = Release|Any CPU
		{039D41D0-4329-44B4-A54B-456F9EBE8FF9}.Debug|Any CPU.ActiveCfg = Debug|Any CPU
		{039D41D0-4329-44B4-A54B-456F9EBE8FF9}.Debug|Any CPU.Build.0 = Debug|Any CPU
		{039D41D0-4329-44B4-A54B-456F9EBE8FF9}.Debug|x64.ActiveCfg = Debug|Any CPU
		{039D41D0-4329-44B4-A54B-456F9EBE8FF9}.Debug|x64.Build.0 = Debug|Any CPU
		{039D41D0-4329-44B4-A54B-456F9EBE8FF9}.Debug|x86.ActiveCfg = Debug|Any CPU
		{039D41D0-4329-44B4-A54B-456F9EBE8FF9}.Debug|x86.Build.0 = Debug|Any CPU
		{039D41D0-4329-44B4-A54B-456F9EBE8FF9}.Release|Any CPU.ActiveCfg = Release|Any CPU
		{039D41D0-4329-44B4-A54B-456F9EBE8FF9}.Release|Any CPU.Build.0 = Release|Any CPU
		{039D41D0-4329-44B4-A54B-456F9EBE8FF9}.Release|x64.ActiveCfg = Release|Any CPU
		{039D41D0-4329-44B4-A54B-456F9EBE8FF9}.Release|x64.Build.0 = Release|Any CPU
		{039D41D0-4329-44B4-A54B-456F9EBE8FF9}.Release|x86.ActiveCfg = Release|Any CPU
		{039D41D0-4329-44B4-A54B-456F9EBE8FF9}.Release|x86.Build.0 = Release|Any CPU
		{6AD0229F-2A4A-4BF2-9462-9CFAF91C18BE}.Debug|Any CPU.ActiveCfg = Debug|Any CPU
		{6AD0229F-2A4A-4BF2-9462-9CFAF91C18BE}.Debug|Any CPU.Build.0 = Debug|Any CPU
		{6AD0229F-2A4A-4BF2-9462-9CFAF91C18BE}.Debug|x64.ActiveCfg = Debug|Any CPU
		{6AD0229F-2A4A-4BF2-9462-9CFAF91C18BE}.Debug|x64.Build.0 = Debug|Any CPU
		{6AD0229F-2A4A-4BF2-9462-9CFAF91C18BE}.Debug|x86.ActiveCfg = Debug|Any CPU
		{6AD0229F-2A4A-4BF2-9462-9CFAF91C18BE}.Debug|x86.Build.0 = Debug|Any CPU
		{6AD0229F-2A4A-4BF2-9462-9CFAF91C18BE}.Release|Any CPU.ActiveCfg = Release|Any CPU
		{6AD0229F-2A4A-4BF2-9462-9CFAF91C18BE}.Release|Any CPU.Build.0 = Release|Any CPU
		{6AD0229F-2A4A-4BF2-9462-9CFAF91C18BE}.Release|x64.ActiveCfg = Release|Any CPU
		{6AD0229F-2A4A-4BF2-9462-9CFAF91C18BE}.Release|x64.Build.0 = Release|Any CPU
		{6AD0229F-2A4A-4BF2-9462-9CFAF91C18BE}.Release|x86.ActiveCfg = Release|Any CPU
		{6AD0229F-2A4A-4BF2-9462-9CFAF91C18BE}.Release|x86.Build.0 = Release|Any CPU
		{E7CD8F30-84C7-40BF-950C-CBA3BCF45BD7}.Debug|Any CPU.ActiveCfg = Debug|Any CPU
		{E7CD8F30-84C7-40BF-950C-CBA3BCF45BD7}.Debug|Any CPU.Build.0 = Debug|Any CPU
		{E7CD8F30-84C7-40BF-950C-CBA3BCF45BD7}.Debug|x64.ActiveCfg = Debug|Any CPU
		{E7CD8F30-84C7-40BF-950C-CBA3BCF45BD7}.Debug|x64.Build.0 = Debug|Any CPU
		{E7CD8F30-84C7-40BF-950C-CBA3BCF45BD7}.Debug|x86.ActiveCfg = Debug|Any CPU
		{E7CD8F30-84C7-40BF-950C-CBA3BCF45BD7}.Debug|x86.Build.0 = Debug|Any CPU
		{E7CD8F30-84C7-40BF-950C-CBA3BCF45BD7}.Release|Any CPU.ActiveCfg = Release|Any CPU
		{E7CD8F30-84C7-40BF-950C-CBA3BCF45BD7}.Release|Any CPU.Build.0 = Release|Any CPU
		{E7CD8F30-84C7-40BF-950C-CBA3BCF45BD7}.Release|x64.ActiveCfg = Release|Any CPU
		{E7CD8F30-84C7-40BF-950C-CBA3BCF45BD7}.Release|x64.Build.0 = Release|Any CPU
		{E7CD8F30-84C7-40BF-950C-CBA3BCF45BD7}.Release|x86.ActiveCfg = Release|Any CPU
		{E7CD8F30-84C7-40BF-950C-CBA3BCF45BD7}.Release|x86.Build.0 = Release|Any CPU
		{F6549A36-3FF2-4D86-983B-5A468BB78A2C}.Debug|Any CPU.ActiveCfg = Debug|Any CPU
		{F6549A36-3FF2-4D86-983B-5A468BB78A2C}.Debug|Any CPU.Build.0 = Debug|Any CPU
		{F6549A36-3FF2-4D86-983B-5A468BB78A2C}.Debug|x64.ActiveCfg = Debug|Any CPU
		{F6549A36-3FF2-4D86-983B-5A468BB78A2C}.Debug|x64.Build.0 = Debug|Any CPU
		{F6549A36-3FF2-4D86-983B-5A468BB78A2C}.Debug|x86.ActiveCfg = Debug|Any CPU
		{F6549A36-3FF2-4D86-983B-5A468BB78A2C}.Debug|x86.Build.0 = Debug|Any CPU
		{F6549A36-3FF2-4D86-983B-5A468BB78A2C}.Release|Any CPU.ActiveCfg = Release|Any CPU
		{F6549A36-3FF2-4D86-983B-5A468BB78A2C}.Release|Any CPU.Build.0 = Release|Any CPU
		{F6549A36-3FF2-4D86-983B-5A468BB78A2C}.Release|x64.ActiveCfg = Release|Any CPU
		{F6549A36-3FF2-4D86-983B-5A468BB78A2C}.Release|x64.Build.0 = Release|Any CPU
		{F6549A36-3FF2-4D86-983B-5A468BB78A2C}.Release|x86.ActiveCfg = Release|Any CPU
		{F6549A36-3FF2-4D86-983B-5A468BB78A2C}.Release|x86.Build.0 = Release|Any CPU
		{84F1617C-94D0-441E-8ADE-E7AE90947FE3}.Debug|Any CPU.ActiveCfg = Debug|Any CPU
		{84F1617C-94D0-441E-8ADE-E7AE90947FE3}.Debug|Any CPU.Build.0 = Debug|Any CPU
		{84F1617C-94D0-441E-8ADE-E7AE90947FE3}.Debug|x64.ActiveCfg = Debug|Any CPU
		{84F1617C-94D0-441E-8ADE-E7AE90947FE3}.Debug|x64.Build.0 = Debug|Any CPU
		{84F1617C-94D0-441E-8ADE-E7AE90947FE3}.Debug|x86.ActiveCfg = Debug|Any CPU
		{84F1617C-94D0-441E-8ADE-E7AE90947FE3}.Debug|x86.Build.0 = Debug|Any CPU
		{84F1617C-94D0-441E-8ADE-E7AE90947FE3}.Release|Any CPU.ActiveCfg = Release|Any CPU
		{84F1617C-94D0-441E-8ADE-E7AE90947FE3}.Release|Any CPU.Build.0 = Release|Any CPU
		{84F1617C-94D0-441E-8ADE-E7AE90947FE3}.Release|x64.ActiveCfg = Release|Any CPU
		{84F1617C-94D0-441E-8ADE-E7AE90947FE3}.Release|x64.Build.0 = Release|Any CPU
		{84F1617C-94D0-441E-8ADE-E7AE90947FE3}.Release|x86.ActiveCfg = Release|Any CPU
		{84F1617C-94D0-441E-8ADE-E7AE90947FE3}.Release|x86.Build.0 = Release|Any CPU
	EndGlobalSection
	GlobalSection(SolutionProperties) = preSolution
		HideSolutionNode = FALSE
	EndGlobalSection
	GlobalSection(NestedProjects) = preSolution
		{D941423D-8CBC-4F3E-A48B-7CCF2F8F22E5} = {FDCA2E4F-48B2-42DE-9D9B-0BD5EFA81D8B}
		{E7CD8F30-84C7-40BF-950C-CBA3BCF45BD7} = {FDCA2E4F-48B2-42DE-9D9B-0BD5EFA81D8B}
		{F6549A36-3FF2-4D86-983B-5A468BB78A2C} = {FDCA2E4F-48B2-42DE-9D9B-0BD5EFA81D8B}
	EndGlobalSection
	GlobalSection(ExtensibilityGlobals) = postSolution
		SolutionGuid = {BED88C31-8848-41B2-9EFD-E77F89EAA294}
	EndGlobalSection
EndGlobal
